
Microsoft Visual Studio Solution File, Format Version 12.00
# Visual Studio 14
VisualStudioVersion = 14.0.25123.0
MinimumVisualStudioVersion = 10.0.40219.1
Project("{FAE04EC0-301F-11D3-BF4B-00C04F79EFBC}") = "SimpleTime", "SimpleTime.csproj", "{07AE6D08-369E-488E-BC50-2F265CA63E72}"
EndProject
Project("{FAE04EC0-301F-11D3-BF4B-00C04F79EFBC}") = "SimpleTimeBL", "..\SimpleTimeBL\SimpleTimeBL.csproj", "{36989CE1-3B29-46BD-9164-8AD77F742484}"
EndProject
Global
	GlobalSection(SolutionConfigurationPlatforms) = preSolution
		Debug|Any CPU = Debug|Any CPU
		Release|Any CPU = Release|Any CPU
	EndGlobalSection
	GlobalSection(ProjectConfigurationPlatforms) = postSolution
		{07AE6D08-369E-488E-BC50-2F265CA63E72}.Debug|Any CPU.ActiveCfg = Debug|Any CPU
		{07AE6D08-369E-488E-BC50-2F265CA63E72}.Debug|Any CPU.Build.0 = Debug|Any CPU
		{07AE6D08-369E-488E-BC50-2F265CA63E72}.Release|Any CPU.ActiveCfg = Release|Any CPU
		{07AE6D08-369E-488E-BC50-2F265CA63E72}.Release|Any CPU.Build.0 = Release|Any CPU
		{36989CE1-3B29-46BD-9164-8AD77F742484}.Debug|Any CPU.ActiveCfg = Debug|Any CPU
		{36989CE1-3B29-46BD-9164-8AD77F742484}.Debug|Any CPU.Build.0 = Debug|Any CPU
		{36989CE1-3B29-46BD-9164-8AD77F742484}.Release|Any CPU.ActiveCfg = Release|Any CPU
		{36989CE1-3B29-46BD-9164-8AD77F742484}.Release|Any CPU.Build.0 = Release|Any CPU
	EndGlobalSection
	GlobalSection(SolutionProperties) = preSolution
		HideSolutionNode = FALSE
	EndGlobalSection
EndGlobal
